# This file is automatically @generated by Poetry 1.4.0 and should not be changed by hand.

[[package]]
name = "colorama"
version = "0.4.6"
description = "Cross-platform colored terminal text."
category = "dev"
optional = false
python-versions = "!=3.0.*,!=3.1.*,!=3.2.*,!=3.3.*,!=3.4.*,!=3.5.*,!=3.6.*,>=2.7"
files = [
    {file = "colorama-0.4.6-py2.py3-none-any.whl", hash = "sha256:4f1d9991f5acc0ca119f9d443620b77f9d6b33703e51011c16baf57afb285fc6"},
    {file = "colorama-0.4.6.tar.gz", hash = "sha256:08695f5cb7ed6e0531a20572697297273c47b8cae5a63ffc6d6ed5c201be6e44"},
]

[[package]]
name = "exceptiongroup"
version = "1.1.2"
description = "Backport of PEP 654 (exception groups)"
category = "dev"
optional = false
python-versions = ">=3.7"
files = [
    {file = "exceptiongroup-1.1.2-py3-none-any.whl", hash = "sha256:e346e69d186172ca7cf029c8c1d16235aa0e04035e5750b4b95039e65204328f"},
    {file = "exceptiongroup-1.1.2.tar.gz", hash = "sha256:12c3e887d6485d16943a309616de20ae5582633e0a2eda17f4e10fd61c1e8af5"},
]

[package.extras]
test = ["pytest (>=6)"]

[[package]]
name = "glfw"
version = "2.6.2"
description = "A ctypes-based wrapper for GLFW3."
category = "main"
optional = false
python-versions = "*"
files = [
    {file = "glfw-2.6.2-py2.py27.py3.py30.py31.py32.py33.py34.py35.py36.py37.py38-none-macosx_10_6_intel.whl", hash = "sha256:d8e4f087eba45f7f4815e3e912867ed5ca16d1047b0958c52047f5b53be67059"},
    {file = "glfw-2.6.2-py2.py27.py3.py30.py31.py32.py33.py34.py35.py36.py37.py38-none-macosx_11_0_arm64.whl", hash = "sha256:faa5596aad5490cdd8657931a66636508c1015a8b7b47018318bb72fcd2b9014"},
    {file = "glfw-2.6.2-py2.py27.py3.py30.py31.py32.py33.py34.py35.py36.py37.py38-none-manylinux2010_i686.whl", hash = "sha256:cb04ace3b2162dcfcf642e1011babfc0fd099cfedba41936b8057d76a7e3f413"},
    {file = "glfw-2.6.2-py2.py27.py3.py30.py31.py32.py33.py34.py35.py36.py37.py38-none-manylinux2010_x86_64.whl", hash = "sha256:a862a45cc503d604abfabc6ca6ed3c8e78e1941cbbb1161796db525032268ae0"},
    {file = "glfw-2.6.2-py2.py27.py3.py30.py31.py32.py33.py34.py35.py36.py37.py38-none-manylinux2014_aarch64.whl", hash = "sha256:fb56cd24f9e173cdddc8f6ebaac4f52304a1dfcae1dadd583038355b73c1ae06"},
    {file = "glfw-2.6.2-py2.py27.py3.py30.py31.py32.py33.py34.py35.py36.py37.py38-none-manylinux2014_x86_64.whl", hash = "sha256:c385c9976133aed57ff4f0ff5210276844cefb4d8a7bf61bbcc1caf10385744b"},
    {file = "glfw-2.6.2-py2.py27.py3.py30.py31.py32.py33.py34.py35.py36.py37.py38-none-win32.whl", hash = "sha256:53f586291223abef652def28b82c309b0bd9d111fa409d05359aff6f35b0f3ab"},
    {file = "glfw-2.6.2-py2.py27.py3.py30.py31.py32.py33.py34.py35.py36.py37.py38-none-win_amd64.whl", hash = "sha256:c2dcf2395d99ff2506428213bee305bb9ba024043d1f574216e61e6f5df808e9"},
    {file = "glfw-2.6.2.tar.gz", hash = "sha256:4e0a6eac41301640ce9fe7493d08a83c72eebb7e32f78d2efb094514e770d3c4"},
]

[package.extras]
preview = ["glfw-preview"]

[[package]]
name = "imgui"
version = "2.0.0"
description = "Cython-based Python bindings for dear imgui"
category = "main"
optional = false
python-versions = "*"
files = [
    {file = "imgui-2.0.0-cp310-cp310-macosx_10_9_x86_64.whl", hash = "sha256:5876314bd7137115325d843e6985c1d939b7ab992bdc4259cbcd178988d02944"},
    {file = "imgui-2.0.0-cp310-cp310-manylinux_2_17_x86_64.manylinux2014_x86_64.whl", hash = "sha256:d6e3a48cdd5b1289bbf6a3477b86712528d3bf3f1b74f5a481647581830527ba"},
    {file = "imgui-2.0.0-cp310-cp310-manylinux_2_5_i686.manylinux1_i686.manylinux_2_17_i686.manylinux2014_i686.whl", hash = "sha256:c1a88dd008046d19f9e9df95e34a8df8908007be76aefcd6a36aad759b6fe7d0"},
    {file = "imgui-2.0.0-cp310-cp310-musllinux_1_1_i686.whl", hash = "sha256:6602d18ed735766e08cb4fb9e1c9fd420be96f8112f7357134dadd3a848a51ce"},
    {file = "imgui-2.0.0-cp310-cp310-musllinux_1_1_x86_64.whl", hash = "sha256:d5e028485346057f286d9116e7bbed4e38da9990da41cdc8efc26d3bc6e010c9"},
    {file = "imgui-2.0.0-cp310-cp310-win32.whl", hash = "sha256:3da16856d89de0f1c0c0d9732d2a1dfc7ed68182545a7a6e87ecd74b93e52da0"},
    {file = "imgui-2.0.0-cp310-cp310-win_amd64.whl", hash = "sha256:377a210a1c118a19b70f6127384772f352bc4d5e78028a948db6182e37b6e343"},
    {file = "imgui-2.0.0-cp311-cp311-macosx_10_9_x86_64.whl", hash = "sha256:1d7449ca6380420ccfcf8d8483cb5ad838e222bf55347fbeeba51181ba9b721d"},
    {file = "imgui-2.0.0-cp311-cp311-manylinux_2_17_x86_64.manylinux2014_x86_64.whl", hash = "sha256:aba45749ee9356202d10661f1390b75a701c0540e8d3bd3f7e51dafbf6cf36f6"},
    {file = "imgui-2.0.0-cp311-cp311-manylinux_2_5_i686.manylinux1_i686.manylinux_2_17_i686.manylinux2014_i686.whl", hash = "sha256:7f4fa4b7b2c917446ba285541574775fd61a4c5c23050989314961ea06c59ad1"},
    {file = "imgui-2.0.0-cp311-cp311-musllinux_1_1_i686.whl", hash = "sha256:ea6d37ef37e4acaa6e9ea0111cb4a61db6ed32c44164ac8bebe96b01036387bd"},
    {file = "imgui-2.0.0-cp311-cp311-musllinux_1_1_x86_64.whl", hash = "sha256:ffcd54fb088d20ce682cba3ade24831fbbdd620807e20ab147ab0083111d0243"},
    {file = "imgui-2.0.0-cp311-cp311-win32.whl", hash = "sha256:c4ea5d971bb781ec06697b72ecfa802548ebdd1f5144353d530982c1ef1d86b1"},
    {file = "imgui-2.0.0-cp311-cp311-win_amd64.whl", hash = "sha256:c1af2761708c40c852053dd0a7d570ea0241a75ad3c27d7b55430b12003198e0"},
    {file = "imgui-2.0.0-cp36-cp36m-macosx_10_9_x86_64.whl", hash = "sha256:d09b85532124f2c3138bef243adc25fd57d81fa3a049d96c2a6f8c4383d90127"},
    {file = "imgui-2.0.0-cp36-cp36m-manylinux_2_17_x86_64.manylinux2014_x86_64.whl", hash = "sha256:51b7084e11a50a84e09d2e5baf18926a165676325951929eb53d5936b3971eb3"},
    {file = "imgui-2.0.0-cp36-cp36m-manylinux_2_5_i686.manylinux1_i686.manylinux_2_17_i686.manylinux2014_i686.whl", hash = "sha256:772283312cda96d0a33cc7102c644a4b796b60fc51cd7e38c926e0d7d3c5e952"},
    {file = "imgui-2.0.0-cp36-cp36m-musllinux_1_1_i686.whl", hash = "sha256:b994278d0d90348a471f884930e2bd731ed92b2ae36171efdc645ffc2a64db4e"},
    {file = "imgui-2.0.0-cp36-cp36m-musllinux_1_1_x86_64.whl", hash = "sha256:a0a333d1745721fd23bb8015fdd34deb0d6e9a2450c993506688742b9c5a0941"},
    {file = "imgui-2.0.0-cp36-cp36m-win32.whl", hash = "sha256:94a100c9050fb41cc043076517f1adb41cb38f0bfeaf84d21452a89ec500969f"},
    {file = "imgui-2.0.0-cp36-cp36m-win_amd64.whl", hash = "sha256:23f67fc8789e1e56c8990783dc78031b6b196f37109fb6808389cde7c3fd1bb0"},
    {file = "imgui-2.0.0-cp37-cp37m-macosx_10_9_x86_64.whl", hash = "sha256:d7ace8c05a17b359ddbc89882c4c0fc698d537eb9a0410254caaa0829003fa01"},
    {file = "imgui-2.0.0-cp37-cp37m-manylinux_2_17_x86_64.manylinux2014_x86_64.whl", hash = "sha256:c32b442874bae79b358cacfd30be416430c8af97f9c5edcba4c22375b58fc1ed"},
    {file = "imgui-2.0.0-cp37-cp37m-manylinux_2_5_i686.manylinux1_i686.manylinux_2_17_i686.manylinux2014_i686.whl", hash = "sha256:59cf4cce7642305b28c5b961392a7e5a72537036c84ba5fde2a6bf10c154a27b"},
    {file = "imgui-2.0.0-cp37-cp37m-musllinux_1_1_i686.whl", hash = "sha256:0fc382e0d3fea4da7a88a5fcd395e028722fda1bdbbe4936071f4cb0420f9dd5"},
    {file = "imgui-2.0.0-cp37-cp37m-musllinux_1_1_x86_64.whl", hash = "sha256:b22f30c640a48d2e03a85bf91f80d6ed5fa6a7d0b40643e423ccf1f8411d5612"},
    {file = "imgui-2.0.0-cp37-cp37m-win32.whl", hash = "sha256:f619b045688abad4ccc1896dd911d54006fdcf33da2453b9987e803b63a9a6da"},
    {file = "imgui-2.0.0-cp37-cp37m-win_amd64.whl", hash = "sha256:9015a85e90be27ab8c7d730fa1fd876fac3407b8c369fbe29fa290ed044eff79"},
    {file = "imgui-2.0.0-cp38-cp38-macosx_10_9_x86_64.whl", hash = "sha256:206f217a71055d12f8395aca14a3c9e60a6411fc852791bb5e108834953ffcc6"},
    {file = "imgui-2.0.0-cp38-cp38-manylinux_2_17_x86_64.manylinux2014_x86_64.whl", hash = "sha256:3811b91e818eafa924116628b400294d023819efceb71a7ed2e4b7a6b3727ecb"},
    {file = "imgui-2.0.0-cp38-cp38-manylinux_2_5_i686.manylinux1_i686.manylinux_2_17_i686.manylinux2014_i686.whl", hash = "sha256:66a5a3ea2c5487b83fc99d56d56df3f23b49010c2f65162ae318076beecd387d"},
    {file = "imgui-2.0.0-cp38-cp38-musllinux_1_1_i686.whl", hash = "sha256:f5775be372ff7154a728a8add224560c2c7654a9c902b1feb524f9342747051e"},
    {file = "imgui-2.0.0-cp38-cp38-musllinux_1_1_x86_64.whl", hash = "sha256:e9c5985f24671571a94f21f793b487d2b775a5d96092145c2c242b8aee29e487"},
    {file = "imgui-2.0.0-cp38-cp38-win32.whl", hash = "sha256:385dbd48aa5abd297b5b9b665bd2806fbcf57c2d0f4a3b4f609bf64cc0487202"},
    {file = "imgui-2.0.0-cp38-cp38-win_amd64.whl", hash = "sha256:ff0aa7736067ae5d4d0d118902d339fd1133f2dd2181cafc3b246391a4f036a1"},
    {file = "imgui-2.0.0-cp39-cp39-macosx_10_9_x86_64.whl", hash = "sha256:cbea38112f8b4c232ef065a537266f561f952324d19409ebb0e7221648632dd3"},
    {file = "imgui-2.0.0-cp39-cp39-manylinux_2_17_x86_64.manylinux2014_x86_64.whl", hash = "sha256:14fcacd6645fbcc0770d4f746abb4ee631a694895f58aef0e0d2976eab431226"},
    {file = "imgui-2.0.0-cp39-cp39-manylinux_2_5_i686.manylinux1_i686.manylinux_2_17_i686.manylinux2014_i686.whl", hash = "sha256:a1f5c95505c73cd03f70d348e3f15ee2baa72b2251a636c09095b2a312c9a582"},
    {file = "imgui-2.0.0-cp39-cp39-musllinux_1_1_i686.whl", hash = "sha256:cc2c7074e07ca9802089c17ddc3a7c3059d0848c7c596a22e5aa86026d99cc18"},
    {file = "imgui-2.0.0-cp39-cp39-musllinux_1_1_x86_64.whl", hash = "sha256:f2448957ab4052d1a69e2e134a36d2a87c7599834639385daa88f62ac5302154"},
    {file = "imgui-2.0.0-cp39-cp39-win32.whl", hash = "sha256:e086cb9d1709b0391a06d43f1cecaa3bc384382dac3d3ca8489937050cd85efc"},
    {file = "imgui-2.0.0-cp39-cp39-win_amd64.whl", hash = "sha256:bead8db082403dde37429a14b439df6fada0c909a0f06fb310c1dec94338dad4"},
    {file = "imgui-2.0.0-pp37-pypy37_pp73-macosx_10_9_x86_64.whl", hash = "sha256:5ef6411f9a2f1e528894bc184f4505b935aff0d80e258e38e91ab06e308b6ae8"},
    {file = "imgui-2.0.0-pp37-pypy37_pp73-manylinux_2_17_x86_64.manylinux2014_x86_64.whl", hash = "sha256:2bc50d3b4464f8b9465ab220854ea1131166af0717c963a3a175b3c7966a029e"},
    {file = "imgui-2.0.0-pp37-pypy37_pp73-manylinux_2_5_i686.manylinux1_i686.manylinux_2_17_i686.manylinux2014_i686.whl", hash = "sha256:c30c11780982eeb619b6badcccab2eb90acf6141d9610902679b44fbaf588310"},
    {file = "imgui-2.0.0-pp37-pypy37_pp73-win_amd64.whl", hash = "sha256:5899bf6c8492c60b1e36dfcc850bdf27da3cc90d596cdfff7e563ecfedfa269b"},
    {file = "imgui-2.0.0-pp38-pypy38_pp73-macosx_10_9_x86_64.whl", hash = "sha256:c7541813f477e407db32e0242880205f4b46d23c72e16dd3f1890dd853e7549d"},
    {file = "imgui-2.0.0-pp38-pypy38_pp73-manylinux_2_17_x86_64.manylinux2014_x86_64.whl", hash = "sha256:b0e61e7f5f42391f149bfbd7196148a4009a446c7663b69fea0629ff7b857f38"},
    {file = "imgui-2.0.0-pp38-pypy38_pp73-manylinux_2_5_i686.manylinux1_i686.manylinux_2_17_i686.manylinux2014_i686.whl", hash = "sha256:8bce66afefbc6cb383c19405255a3333eef10b5082e54d7fff075244aa8ac8cf"},
    {file = "imgui-2.0.0-pp38-pypy38_pp73-win_amd64.whl", hash = "sha256:4ae29fb159f83561d2fb5659509de9c34113ba46c8d7c066279fdddac391545e"},
    {file = "imgui-2.0.0-pp39-pypy39_pp73-macosx_10_9_x86_64.whl", hash = "sha256:adfd23b70ec4696a9128f64228a471fda9d2a709ab6c46affadb5ceb2b620626"},
    {file = "imgui-2.0.0-pp39-pypy39_pp73-manylinux_2_17_x86_64.manylinux2014_x86_64.whl", hash = "sha256:8d4dd5551d2140980fb533d7a35d7efefd5060199d9cdf0ce3e65bbb27264090"},
    {file = "imgui-2.0.0-pp39-pypy39_pp73-manylinux_2_5_i686.manylinux1_i686.manylinux_2_17_i686.manylinux2014_i686.whl", hash = "sha256:ac287738a6add06da73ecc7d9a0227e74f3d013c9aace17f4014814b35e85dbe"},
    {file = "imgui-2.0.0-pp39-pypy39_pp73-win_amd64.whl", hash = "sha256:c93d2bbeac28661efaef263f7ef139269358d42e9002357ee96d901ff851fc59"},
    {file = "imgui-2.0.0.tar.gz", hash = "sha256:2fbdb8eed3b8dbd7ea98af9e4c1c6582b0bc4da942a258de16333d8c653d67e1"},
]

[package.extras]
cocos2d = ["PyOpenGL", "cocos2d", "pyglet (>=1.5.6)"]
cython = ["Cython (>=0.24,<0.30)"]
full = ["Cython (>=0.24,<0.30)", "PyOpenGL", "PySDL2", "cocos2d", "glfw", "pygame", "pyglet", "pyglet (>=1.5.6)"]
glfw = ["PyOpenGL", "glfw"]
opengl = ["PyOpenGL"]
pygame = ["PyOpenGL", "pygame"]
pyglet = ["PyOpenGL", "pyglet", "pyglet (>=1.5.6)"]
sdl2 = ["PyOpenGL", "PySDL2"]

[[package]]
name = "iniconfig"
version = "2.0.0"
description = "brain-dead simple config-ini parsing"
category = "dev"
optional = false
python-versions = ">=3.7"
files = [
    {file = "iniconfig-2.0.0-py3-none-any.whl", hash = "sha256:b6a85871a79d2e3b22d2d1b94ac2824226a63c6b741c88f7ae975f18b6778374"},
    {file = "iniconfig-2.0.0.tar.gz", hash = "sha256:2d91e135bf72d31a410b17c16da610a82cb55f6b0477d1a902134b24a455b8b3"},
]

[[package]]
name = "numpy"
version = "1.25.1"
description = "Fundamental package for array computing in Python"
category = "main"
optional = false
python-versions = ">=3.9"
files = [
    {file = "numpy-1.25.1-cp310-cp310-macosx_10_9_x86_64.whl", hash = "sha256:77d339465dff3eb33c701430bcb9c325b60354698340229e1dff97745e6b3efa"},
    {file = "numpy-1.25.1-cp310-cp310-macosx_11_0_arm64.whl", hash = "sha256:d736b75c3f2cb96843a5c7f8d8ccc414768d34b0a75f466c05f3a739b406f10b"},
    {file = "numpy-1.25.1-cp310-cp310-manylinux_2_17_aarch64.manylinux2014_aarch64.whl", hash = "sha256:4a90725800caeaa160732d6b31f3f843ebd45d6b5f3eec9e8cc287e30f2805bf"},
    {file = "numpy-1.25.1-cp310-cp310-manylinux_2_17_x86_64.manylinux2014_x86_64.whl", hash = "sha256:6c6c9261d21e617c6dc5eacba35cb68ec36bb72adcff0dee63f8fbc899362588"},
    {file = "numpy-1.25.1-cp310-cp310-musllinux_1_1_x86_64.whl", hash = "sha256:0def91f8af6ec4bb94c370e38c575855bf1d0be8a8fbfba42ef9c073faf2cf19"},
    {file = "numpy-1.25.1-cp310-cp310-win32.whl", hash = "sha256:fd67b306320dcadea700a8f79b9e671e607f8696e98ec255915c0c6d6b818503"},
    {file = "numpy-1.25.1-cp310-cp310-win_amd64.whl", hash = "sha256:c1516db588987450b85595586605742879e50dcce923e8973f79529651545b57"},
    {file = "numpy-1.25.1-cp311-cp311-macosx_10_9_x86_64.whl", hash = "sha256:6b82655dd8efeea69dbf85d00fca40013d7f503212bc5259056244961268b66e"},
    {file = "numpy-1.25.1-cp311-cp311-macosx_11_0_arm64.whl", hash = "sha256:e8f6049c4878cb16960fbbfb22105e49d13d752d4d8371b55110941fb3b17800"},
    {file = "numpy-1.25.1-cp311-cp311-manylinux_2_17_aarch64.manylinux2014_aarch64.whl", hash = "sha256:41a56b70e8139884eccb2f733c2f7378af06c82304959e174f8e7370af112e09"},
    {file = "numpy-1.25.1-cp311-cp311-manylinux_2_17_x86_64.manylinux2014_x86_64.whl", hash = "sha256:d5154b1a25ec796b1aee12ac1b22f414f94752c5f94832f14d8d6c9ac40bcca6"},
    {file = "numpy-1.25.1-cp311-cp311-musllinux_1_1_x86_64.whl", hash = "sha256:38eb6548bb91c421261b4805dc44def9ca1a6eef6444ce35ad1669c0f1a3fc5d"},
    {file = "numpy-1.25.1-cp311-cp311-win32.whl", hash = "sha256:791f409064d0a69dd20579345d852c59822c6aa087f23b07b1b4e28ff5880fcb"},
    {file = "numpy-1.25.1-cp311-cp311-win_amd64.whl", hash = "sha256:c40571fe966393b212689aa17e32ed905924120737194b5d5c1b20b9ed0fb171"},
    {file = "numpy-1.25.1-cp39-cp39-macosx_10_9_x86_64.whl", hash = "sha256:3d7abcdd85aea3e6cdddb59af2350c7ab1ed764397f8eec97a038ad244d2d105"},
    {file = "numpy-1.25.1-cp39-cp39-macosx_11_0_arm64.whl", hash = "sha256:1a180429394f81c7933634ae49b37b472d343cccb5bb0c4a575ac8bbc433722f"},
    {file = "numpy-1.25.1-cp39-cp39-manylinux_2_17_aarch64.manylinux2014_aarch64.whl", hash = "sha256:d412c1697c3853c6fc3cb9751b4915859c7afe6a277c2bf00acf287d56c4e625"},
    {file = "numpy-1.25.1-cp39-cp39-manylinux_2_17_x86_64.manylinux2014_x86_64.whl", hash = "sha256:20e1266411120a4f16fad8efa8e0454d21d00b8c7cee5b5ccad7565d95eb42dd"},
    {file = "numpy-1.25.1-cp39-cp39-musllinux_1_1_x86_64.whl", hash = "sha256:f76aebc3358ade9eacf9bc2bb8ae589863a4f911611694103af05346637df1b7"},
    {file = "numpy-1.25.1-cp39-cp39-win32.whl", hash = "sha256:247d3ffdd7775bdf191f848be8d49100495114c82c2bd134e8d5d075fb386a1c"},
    {file = "numpy-1.25.1-cp39-cp39-win_amd64.whl", hash = "sha256:1d5d3c68e443c90b38fdf8ef40e60e2538a27548b39b12b73132456847f4b631"},
    {file = "numpy-1.25.1-pp39-pypy39_pp73-macosx_10_9_x86_64.whl", hash = "sha256:35a9527c977b924042170a0887de727cd84ff179e478481404c5dc66b4170009"},
    {file = "numpy-1.25.1-pp39-pypy39_pp73-manylinux_2_17_x86_64.manylinux2014_x86_64.whl", hash = "sha256:0d3fe3dd0506a28493d82dc3cf254be8cd0d26f4008a417385cbf1ae95b54004"},
    {file = "numpy-1.25.1-pp39-pypy39_pp73-win_amd64.whl", hash = "sha256:012097b5b0d00a11070e8f2e261128c44157a8689f7dedcf35576e525893f4fe"},
    {file = "numpy-1.25.1.tar.gz", hash = "sha256:9a3a9f3a61480cc086117b426a8bd86869c213fc4072e606f01c4e4b66eb92bf"},
]

[[package]]
name = "opencv-contrib-python"
version = "4.8.0.74"
description = "Wrapper package for OpenCV python bindings."
category = "main"
optional = false
python-versions = ">=3.6"
files = [
    {file = "opencv-contrib-python-4.8.0.74.tar.gz", hash = "sha256:417cb1fc63894d1ebdfc58fd8ac1a5cacc831512aa4ca064d0244ae7a2d3580f"},
    {file = "opencv_contrib_python-4.8.0.74-cp37-abi3-macosx_10_16_x86_64.whl", hash = "sha256:c184b5295d8bf6c0e7ee0ab8dd85b43c02c53d6d5ded121adc0a42f170c8bc07"},
    {file = "opencv_contrib_python-4.8.0.74-cp37-abi3-macosx_11_0_arm64.whl", hash = "sha256:fbbccc3859b5fc0baa2c5cb7cd5381e1322f1d42b1f93e3468a72892fe5effd9"},
    {file = "opencv_contrib_python-4.8.0.74-cp37-abi3-manylinux_2_17_aarch64.manylinux2014_aarch64.whl", hash = "sha256:c5021b46d1e3e32ab2e59f8fb33ba0f1cb09720c3b9a8db0b48be95385b894b7"},
    {file = "opencv_contrib_python-4.8.0.74-cp37-abi3-manylinux_2_17_x86_64.manylinux2014_x86_64.whl", hash = "sha256:24be748f935552ed22fa23f001d684fdf48035599b1ad8a225f0f3b592e63659"},
    {file = "opencv_contrib_python-4.8.0.74-cp37-abi3-win32.whl", hash = "sha256:c5cb276b6a5ad2ff5cb812aea177c76dc30bd022cec16ace1d002bbf73518dec"},
    {file = "opencv_contrib_python-4.8.0.74-cp37-abi3-win_amd64.whl", hash = "sha256:4fdc7568b93e8307457569eeae59e778d34a05be85a8b67782b969273ee71457"},
]

[package.dependencies]
numpy = [
    {version = ">=1.21.0", markers = "python_version <= \"3.9\" and platform_system == \"Darwin\" and platform_machine == \"arm64\""},
    {version = ">=1.21.2", markers = "python_version >= \"3.10\""},
    {version = ">=1.21.4", markers = "python_version >= \"3.10\" and platform_system == \"Darwin\""},
    {version = ">=1.23.5", markers = "python_version >= \"3.11\""},
    {version = ">=1.19.3", markers = "python_version >= \"3.6\" and platform_system == \"Linux\" and platform_machine == \"aarch64\" or python_version >= \"3.9\""},
    {version = ">=1.17.0", markers = "python_version >= \"3.7\""},
    {version = ">=1.17.3", markers = "python_version >= \"3.8\""},
]

[[package]]
name = "opencv-python"
version = "4.8.0.74"
description = "Wrapper package for OpenCV python bindings."
category = "main"
optional = false
python-versions = ">=3.6"
files = [
    {file = "opencv-python-4.8.0.74.tar.gz", hash = "sha256:009e3ce356a0cd2d7423723e00a32fd3d3cc5bb5970ed27a9a1f8a8f221d1db5"},
    {file = "opencv_python-4.8.0.74-cp37-abi3-macosx_10_16_x86_64.whl", hash = "sha256:31d0d59fc8fdf703de4cec46c79b9f8d026fdde9d23d6e2e6a66809feeebbda9"},
    {file = "opencv_python-4.8.0.74-cp37-abi3-macosx_11_0_arm64.whl", hash = "sha256:66eadb5882ee56848b67f9fb57aadcaca2f4c9d9d00a0ef11043041925b51291"},
    {file = "opencv_python-4.8.0.74-cp37-abi3-manylinux_2_17_aarch64.manylinux2014_aarch64.whl", hash = "sha256:038ba7075e55cb8e2846663ae970f0fb776a45b48ee69a887bf4ee15e2570083"},
    {file = "opencv_python-4.8.0.74-cp37-abi3-manylinux_2_17_x86_64.manylinux2014_x86_64.whl", hash = "sha256:43dd0dfe331fb95767af581bf3b2781d7a72cf6560ddf2f55949fe547f3e5c9f"},
    {file = "opencv_python-4.8.0.74-cp37-abi3-win32.whl", hash = "sha256:458e5dc377f15fcf769d80314f3d885bd95457b1a2891bee67df2eb24a1d3a52"},
    {file = "opencv_python-4.8.0.74-cp37-abi3-win_amd64.whl", hash = "sha256:8fe0018d0056a5187c57120b6b3f6c3e706c13b45c48e54e86d245a9a16fac84"},
]

[package.dependencies]
numpy = [
    {version = ">=1.21.0", markers = "python_version <= \"3.9\" and platform_system == \"Darwin\" and platform_machine == \"arm64\""},
    {version = ">=1.19.3", markers = "python_version >= \"3.6\" and platform_system == \"Linux\" and platform_machine == \"aarch64\" or python_version >= \"3.9\""},
    {version = ">=1.17.0", markers = "python_version >= \"3.7\""},
    {version = ">=1.17.3", markers = "python_version >= \"3.8\""},
    {version = ">=1.21.2", markers = "python_version >= \"3.10\""},
    {version = ">=1.21.4", markers = "python_version >= \"3.10\" and platform_system == \"Darwin\""},
    {version = ">=1.23.5", markers = "python_version >= \"3.11\""},
]

[[package]]
name = "packaging"
version = "23.1"
description = "Core utilities for Python packages"
category = "dev"
optional = false
python-versions = ">=3.7"
files = [
    {file = "packaging-23.1-py3-none-any.whl", hash = "sha256:994793af429502c4ea2ebf6bf664629d07c1a9fe974af92966e4b8d2df7edc61"},
    {file = "packaging-23.1.tar.gz", hash = "sha256:a392980d2b6cffa644431898be54b0045151319d1e7ec34f0cfed48767dd334f"},
]

[[package]]
name = "pluggy"
version = "1.2.0"
description = "plugin and hook calling mechanisms for python"
category = "dev"
optional = false
python-versions = ">=3.7"
files = [
    {file = "pluggy-1.2.0-py3-none-any.whl", hash = "sha256:c2fd55a7d7a3863cba1a013e4e2414658b1d07b6bc57b3919e0c63c9abb99849"},
    {file = "pluggy-1.2.0.tar.gz", hash = "sha256:d12f0c4b579b15f5e054301bb226ee85eeeba08ffec228092f8defbaa3a4c4b3"},
]

[package.extras]
dev = ["pre-commit", "tox"]
testing = ["pytest", "pytest-benchmark"]

[[package]]
name = "pyopengl"
version = "3.1.7"
description = "Standard OpenGL bindings for Python"
category = "main"
optional = false
python-versions = "*"
files = [
    {file = "PyOpenGL-3.1.7-py3-none-any.whl", hash = "sha256:a6ab19cf290df6101aaf7470843a9c46207789855746399d0af92521a0a92b7a"},
    {file = "PyOpenGL-3.1.7.tar.gz", hash = "sha256:eef31a3888e6984fd4d8e6c9961b184c9813ca82604d37fe3da80eb000a76c86"},
]

[[package]]
name = "pyopengl-accelerate"
version = "3.1.7"
description = "Acceleration code for PyOpenGL"
category = "main"
optional = false
python-versions = "*"
files = [
    {file = "PyOpenGL-accelerate-3.1.7.tar.gz", hash = "sha256:2b123621273a939f7fd2ec227541e399f9b5d4e815d69ae0bdb1b6c70a293680"},
    {file = "PyOpenGL_accelerate-3.1.7-cp310-cp310-macosx_10_9_x86_64.whl", hash = "sha256:f2143cf1073c1377111873ec53b67cb9a75a546a101d8292670d0ffe40eca50d"},
    {file = "PyOpenGL_accelerate-3.1.7-cp310-cp310-manylinux_2_5_i686.manylinux1_i686.manylinux_2_17_i686.manylinux2014_i686.whl", hash = "sha256:8a5c76bfe6dead3ee79619e2ba143650a70c462ffcff150bbefc29e792410f58"},
    {file = "PyOpenGL_accelerate-3.1.7-cp310-cp310-manylinux_2_5_x86_64.manylinux1_x86_64.manylinux_2_17_x86_64.manylinux2014_x86_64.whl", hash = "sha256:b055975515fed03e9b84a348950cad3cba0441d5a5dcd264877d58e0d239019c"},
    {file = "PyOpenGL_accelerate-3.1.7-cp310-cp310-musllinux_1_1_i686.whl", hash = "sha256:ccb73afacc8e0ed4fc68ff9ab3042e4c6bce3ce0587ec9d34dee18c4f032575e"},
    {file = "PyOpenGL_accelerate-3.1.7-cp310-cp310-musllinux_1_1_x86_64.whl", hash = "sha256:cf4ef5135069add79345bc954b12da1a4c3708ed99e3fd4c9b512cf5dc5767a0"},
    {file = "PyOpenGL_accelerate-3.1.7-cp310-cp310-win32.whl", hash = "sha256:c2636803fcbcb0767b1febd28153fd169a732577430cc9d2ab60ce322aaa1097"},
    {file = "PyOpenGL_accelerate-3.1.7-cp310-cp310-win_amd64.whl", hash = "sha256:ab8b7c7b4bab48b8fbd52481b2618ae382ea66952008c2a0e8908dfca5caa61d"},
    {file = "PyOpenGL_accelerate-3.1.7-cp311-cp311-macosx_10_9_x86_64.whl", hash = "sha256:ad8e2d186878946e5c4896d1c241af6b5f8cd87433e46741d29c3fdea6eba2c5"},
    {file = "PyOpenGL_accelerate-3.1.7-cp311-cp311-manylinux_2_5_i686.manylinux1_i686.manylinux_2_17_i686.manylinux2014_i686.whl", hash = "sha256:6c1b2b93d25e9ec8475416ed18c27a0231f29dffe0b524d827276802534a3cde"},
    {file = "PyOpenGL_accelerate-3.1.7-cp311-cp311-manylinux_2_5_x86_64.manylinux1_x86_64.manylinux_2_17_x86_64.manylinux2014_x86_64.whl", hash = "sha256:ed4efe15eedc79415ee192a9ca8bec04f19c7e313444ac50e50ea26c80606ce2"},
    {file = "PyOpenGL_accelerate-3.1.7-cp311-cp311-musllinux_1_1_i686.whl", hash = "sha256:e8b41f94a185c71d4c2658e9ee1a6f14e555e8b83bd4e18e6367d66da6a39242"},
    {file = "PyOpenGL_accelerate-3.1.7-cp311-cp311-musllinux_1_1_x86_64.whl", hash = "sha256:71b8a862ab85e02b7f88d935045be25ebc4104c3676263f0b90a91a520b66bd5"},
    {file = "PyOpenGL_accelerate-3.1.7-cp311-cp311-win32.whl", hash = "sha256:67b9f9d86ed5a928ebf93ace86dd8a4959388e04e89e115075575bbbe72c6546"},
    {file = "PyOpenGL_accelerate-3.1.7-cp311-cp311-win_amd64.whl", hash = "sha256:d3678b03e2cb41f87c84411313c441466497b7b829678ad5801944820f986cb7"},
    {file = "PyOpenGL_accelerate-3.1.7-cp36-cp36m-macosx_10_9_x86_64.whl", hash = "sha256:3e14d8075804c97c42ce2fa1f7e3805d2d02a74253b523350e715b01f222e065"},
    {file = "PyOpenGL_accelerate-3.1.7-cp36-cp36m-manylinux_2_5_i686.manylinux1_i686.manylinux_2_17_i686.manylinux2014_i686.whl", hash = "sha256:8f3392dc5874756f6cb03b406960cf48d5956fa31dcfb65614ee24c094a73791"},
    {file = "PyOpenGL_accelerate-3.1.7-cp36-cp36m-manylinux_2_5_x86_64.manylinux1_x86_64.manylinux_2_17_x86_64.manylinux2014_x86_64.whl", hash = "sha256:8e1f8a351aa8d8b95dab9ec374162384a3e8b2fc76ba7792adb17eb183963605"},
    {file = "PyOpenGL_accelerate-3.1.7-cp36-cp36m-musllinux_1_1_i686.whl", hash = "sha256:8eba741abba05ce711060f2c745fd3195314d78d362c0c6d9bd6ffdde1ad377b"},
    {file = "PyOpenGL_accelerate-3.1.7-cp36-cp36m-musllinux_1_1_x86_64.whl", hash = "sha256:ce4ff263a8f1e698160286c1a97882885c7066294ec153666df6e36b791ea31c"},
    {file = "PyOpenGL_accelerate-3.1.7-cp36-cp36m-win32.whl", hash = "sha256:be9d14277c356d53196f591879d47a20295a35ae3abb7c2a1667241af6bc6274"},
    {file = "PyOpenGL_accelerate-3.1.7-cp36-cp36m-win_amd64.whl", hash = "sha256:8c6ae12feb8b94e2110ad75cea10c337af5ed4c12f23c566fea89135fc013284"},
    {file = "PyOpenGL_accelerate-3.1.7-cp37-cp37m-macosx_10_9_x86_64.whl", hash = "sha256:a104f8ee52cc042a06b642bae3b2deb819afdfa641b15ee63f9fe7b4e654df46"},
    {file = "PyOpenGL_accelerate-3.1.7-cp37-cp37m-manylinux_2_5_i686.manylinux1_i686.manylinux_2_17_i686.manylinux2014_i686.whl", hash = "sha256:a36b59f40b5c50c29e877933f512cdd3e3f92095f075e90ed14515eb5c064f71"},
    {file = "PyOpenGL_accelerate-3.1.7-cp37-cp37m-manylinux_2_5_x86_64.manylinux1_x86_64.manylinux_2_17_x86_64.manylinux2014_x86_64.whl", hash = "sha256:0114d80fa8c5879b297b53cf53ebce5a889553b582b3dae10639e5e79a19cde2"},
    {file = "PyOpenGL_accelerate-3.1.7-cp37-cp37m-musllinux_1_1_i686.whl", hash = "sha256:4e9bfad17305c4854941b06f435dfa84cc1840baf8278aba47269766b8b1ff2d"},
    {file = "PyOpenGL_accelerate-3.1.7-cp37-cp37m-musllinux_1_1_x86_64.whl", hash = "sha256:08e332636e041444a0935a01c392afdde4c57b139acb10265c30c74e1fa0ee8d"},
    {file = "PyOpenGL_accelerate-3.1.7-cp37-cp37m-win32.whl", hash = "sha256:6547d45b7498bc5801cd2bb98b98590203be7026c87188be9de33182a7f87138"},
    {file = "PyOpenGL_accelerate-3.1.7-cp37-cp37m-win_amd64.whl", hash = "sha256:f8f92c9df088b43870b81d322b2288f23a50bd9937077c12dcf5d6e48b172c76"},
    {file = "PyOpenGL_accelerate-3.1.7-cp38-cp38-macosx_10_9_x86_64.whl", hash = "sha256:1a3b5c6254a1a68e66f4294da931c5ca116705fd0933e36545a7c6f6a355398c"},
    {file = "PyOpenGL_accelerate-3.1.7-cp38-cp38-manylinux_2_5_i686.manylinux1_i686.manylinux_2_17_i686.manylinux2014_i686.whl", hash = "sha256:8fecc1aebc33c011a8445aedd1c3c951a15e2075343300045b62ea5d543041fd"},
    {file = "PyOpenGL_accelerate-3.1.7-cp38-cp38-manylinux_2_5_x86_64.manylinux1_x86_64.manylinux_2_17_x86_64.manylinux2014_x86_64.whl", hash = "sha256:0cdba75f4b70e32afe2d402a48abcf7cdf97429b13d83d3cfe2f045160f4f8a7"},
    {file = "PyOpenGL_accelerate-3.1.7-cp38-cp38-musllinux_1_1_i686.whl", hash = "sha256:caa2e7c3234340302620b4455472ca81c6fbf0dfa2e27ff3139dafcf921f21b6"},
    {file = "PyOpenGL_accelerate-3.1.7-cp38-cp38-musllinux_1_1_x86_64.whl", hash = "sha256:6f6530afd087fe7b2e98f97c3dcf7853086afe59e777778b40d5e8e2c72d8d48"},
    {file = "PyOpenGL_accelerate-3.1.7-cp38-cp38-win32.whl", hash = "sha256:02e2ca1e6daa14e7e87c005087e48749f13a767f881d4f16139fcc92ea2faebe"},
    {file = "PyOpenGL_accelerate-3.1.7-cp38-cp38-win_amd64.whl", hash = "sha256:158c52ef9342d70867d3cc5e2309c5de118ed2313e9f8b3c637b190a8a0d3d9e"},
    {file = "PyOpenGL_accelerate-3.1.7-cp39-cp39-macosx_10_9_x86_64.whl", hash = "sha256:f7fcc0fb7a59082ecfde3bab9306c4f3153dcbf457a91d264e759178cea9ab97"},
    {file = "PyOpenGL_accelerate-3.1.7-cp39-cp39-manylinux_2_5_i686.manylinux1_i686.manylinux_2_17_i686.manylinux2014_i686.whl", hash = "sha256:6ea0f3cdcec32ebd2a8abfd81bcb30a126ebe1a645ddffaa61366474e993a19d"},
    {file = "PyOpenGL_accelerate-3.1.7-cp39-cp39-manylinux_2_5_x86_64.manylinux1_x86_64.manylinux_2_17_x86_64.manylinux2014_x86_64.whl", hash = "sha256:dbd24c2830780912aebcfc2cb886ac68a669cfe2889074c5a0299f2d0dd78587"},
    {file = "PyOpenGL_accelerate-3.1.7-cp39-cp39-musllinux_1_1_i686.whl", hash = "sha256:3468783d40906ef933ebd3516be4ee3636d474e4d31c40bd33ca504669ba5f6f"},
    {file = "PyOpenGL_accelerate-3.1.7-cp39-cp39-musllinux_1_1_x86_64.whl", hash = "sha256:eb3e737d364476379db8919375fe3eb9c284beaaa5aeb62f0f343286a5ecaff9"},
    {file = "PyOpenGL_accelerate-3.1.7-cp39-cp39-win32.whl", hash = "sha256:3cdbaf28f6da023b1ddd85894088a525bc1088680782ab973a322d8701bfd685"},
    {file = "PyOpenGL_accelerate-3.1.7-cp39-cp39-win_amd64.whl", hash = "sha256:948bef39594f1142f38e21cf985d4f41a530dac65f07e3c6f04f02c94c3f15a8"},
]

[[package]]
name = "pytest"
version = "7.4.0"
description = "pytest: simple powerful testing with Python"
category = "dev"
optional = false
python-versions = ">=3.7"
files = [
    {file = "pytest-7.4.0-py3-none-any.whl", hash = "sha256:78bf16451a2eb8c7a2ea98e32dc119fd2aa758f1d5d66dbf0a59d69a3969df32"},
    {file = "pytest-7.4.0.tar.gz", hash = "sha256:b4bf8c45bd59934ed84001ad51e11b4ee40d40a1229d2c79f9c592b0a3f6bd8a"},
]

[package.dependencies]
colorama = {version = "*", markers = "sys_platform == \"win32\""}
exceptiongroup = {version = ">=1.0.0rc8", markers = "python_version < \"3.11\""}
iniconfig = "*"
packaging = "*"
pluggy = ">=0.12,<2.0"
tomli = {version = ">=1.0.0", markers = "python_version < \"3.11\""}

[package.extras]
testing = ["argcomplete", "attrs (>=19.2.0)", "hypothesis (>=3.56)", "mock", "nose", "pygments (>=2.7.2)", "requests", "setuptools", "xmlschema"]

[[package]]
name = "tomli"
version = "2.0.1"
description = "A lil' TOML parser"
category = "dev"
optional = false
python-versions = ">=3.7"
files = [
    {file = "tomli-2.0.1-py3-none-any.whl", hash = "sha256:939de3e7a6161af0c887ef91b7d41a53e7c5a1ca976325f429cb46ea9bc30ecc"},
    {file = "tomli-2.0.1.tar.gz", hash = "sha256:de526c12914f0c550d15924c62d72abc48d6fe7364aa87328337a31007fe8a4f"},
]

[metadata]
lock-version = "2.0"
python-versions = "^3.9"
content-hash = "31771ab92b955ce05bcdc088680df1574243e33acf6bbc87b90f10f7a1e2ee0b"
